
Microsoft Visual Studio Solution File, Format Version 12.00
# Visual Studio 14
VisualStudioVersion = 14.0.25420.1
MinimumVisualStudioVersion = 10.0.40219.1
Project("{FAE04EC0-301F-11D3-BF4B-00C04F79EFBC}") = "СurriculumParse", "СurriculumParse\СurriculumParse.csproj", "{C2399367-92A0-436B-8B54-CDE537762A1B}"
EndProject
Project("{FAE04EC0-301F-11D3-BF4B-00C04F79EFBC}") = "ConsoleInterface", "ConsoleInterface\ConsoleInterface.csproj", "{A9ADF69C-DF7E-4807-9F18-CD48EF9159C0}"
EndProject
Project("{FAE04EC0-301F-11D3-BF4B-00C04F79EFBC}") = "WindowsInterface", "WindowsInterface\WindowsInterface.csproj", "{8E757833-FBBE-43FD-AD69-110F17E2D44A}"
EndProject
Global
	GlobalSection(SolutionConfigurationPlatforms) = preSolution
		Debug|Any CPU = Debug|Any CPU
		Release|Any CPU = Release|Any CPU
	EndGlobalSection
	GlobalSection(ProjectConfigurationPlatforms) = postSolution
		{C2399367-92A0-436B-8B54-CDE537762A1B}.Debug|Any CPU.ActiveCfg = Debug|Any CPU
		{C2399367-92A0-436B-8B54-CDE537762A1B}.Debug|Any CPU.Build.0 = Debug|Any CPU
		{C2399367-92A0-436B-8B54-CDE537762A1B}.Release|Any CPU.ActiveCfg = Release|Any CPU
		{C2399367-92A0-436B-8B54-CDE537762A1B}.Release|Any CPU.Build.0 = Release|Any CPU
		{A9ADF69C-DF7E-4807-9F18-CD48EF9159C0}.Debug|Any CPU.ActiveCfg = Debug|Any CPU
		{A9ADF69C-DF7E-4807-9F18-CD48EF9159C0}.Debug|Any CPU.Build.0 = Debug|Any CPU
		{A9ADF69C-DF7E-4807-9F18-CD48EF9159C0}.Release|Any CPU.ActiveCfg = Release|Any CPU
		{A9ADF69C-DF7E-4807-9F18-CD48EF9159C0}.Release|Any CPU.Build.0 = Release|Any CPU
		{8E757833-FBBE-43FD-AD69-110F17E2D44A}.Debug|Any CPU.ActiveCfg = Debug|Any CPU
		{8E757833-FBBE-43FD-AD69-110F17E2D44A}.Debug|Any CPU.Build.0 = Debug|Any CPU
		{8E757833-FBBE-43FD-AD69-110F17E2D44A}.Release|Any CPU.ActiveCfg = Release|Any CPU
		{8E757833-FBBE-43FD-AD69-110F17E2D44A}.Release|Any CPU.Build.0 = Release|Any CPU
	EndGlobalSection
	GlobalSection(SolutionProperties) = preSolution
		HideSolutionNode = FALSE
	EndGlobalSection
EndGlobal
